
Microsoft Visual Studio Solution File, Format Version 12.00
# Visual Studio Version 17
VisualStudioVersion = 17.7.34031.279
MinimumVisualStudioVersion = 10.0.40219.1
Project("{FAE04EC0-301F-11D3-BF4B-00C04F79EFBC}") = "MapTextureReplacer", "MapTextureReplacer.csproj", "{38DB6194-97CF-4933-B5DC-8D2BC64A0FE5}"
EndProject
Global
	GlobalSection(SolutionConfigurationPlatforms) = preSolution
		Debug|Any CPU = Debug|Any CPU
		Release|Any CPU = Release|Any CPU
	EndGlobalSection
	GlobalSection(ProjectConfigurationPlatforms) = postSolution
		{38DB6194-97CF-4933-B5DC-8D2BC64A0FE5}.Debug|Any CPU.ActiveCfg = Debug|Any CPU
		{38DB6194-97CF-4933-B5DC-8D2BC64A0FE5}.Debug|Any CPU.Build.0 = Debug|Any CPU
		{38DB6194-97CF-4933-B5DC-8D2BC64A0FE5}.Release|Any CPU.ActiveCfg = Release|Any CPU
		{38DB6194-97CF-4933-B5DC-8D2BC64A0FE5}.Release|Any CPU.Build.0 = Release|Any CPU
	EndGlobalSection
	GlobalSection(SolutionProperties) = preSolution
		HideSolutionNode = FALSE
	EndGlobalSection
	GlobalSection(ExtensibilityGlobals) = postSolution
		SolutionGuid = {D59E44E3-14FA-40B7-9A74-49A10998267C}
	EndGlobalSection
EndGlobal
